Microsoft Visual Studio Solution File, Format Version 12.00
# Visual Studio Version 17
VisualStudioVersion = 17.5.2.0
MinimumVisualStudioVersion = 10.0.40219.1
Project("{FAE04EC0-301F-11D3-BF4B-00C04F79EFBC}") = "meu programa", "meu programa\meu programa.csproj", "{0132C2AF-38A7-38EE-ED83-C2128BB1B765}"
EndProject
Global
	GlobalSection(SolutionConfigurationPlatforms) = preSolution
		Debug|Any CPU = Debug|Any CPU
		Release|Any CPU = Release|Any CPU
	EndGlobalSection
	GlobalSection(ProjectConfigurationPlatforms) = postSolution
		{0132C2AF-38A7-38EE-ED83-C2128BB1B765}.Debug|Any CPU.ActiveCfg = Debug|Any CPU
		{0132C2AF-38A7-38EE-ED83-C2128BB1B765}.Debug|Any CPU.Build.0 = Debug|Any CPU
		{0132C2AF-38A7-38EE-ED83-C2128BB1B765}.Release|Any CPU.ActiveCfg = Release|Any CPU
		{0132C2AF-38A7-38EE-ED83-C2128BB1B765}.Release|Any CPU.Build.0 = Release|Any CPU
	EndGlobalSection
	GlobalSection(SolutionProperties) = preSolution
		HideSolutionNode = FALSE
	EndGlobalSection
	GlobalSection(ExtensibilityGlobals) = postSolution
		SolutionGuid = {E642A312-CF2A-4411-8661-2A9AE7CE6D68}
	EndGlobalSection
EndGlobal
